// !$*UTF8*$!
{
	archiveVersion = 1;
	classes = {
	};
	objectVersion = 50;
	objects = {

/* Begin PBXBuildFile section */
		4C37CA59216A97160059018F /* LoginViewController.swift in Sources */ = {isa = PBXBuildFile; fileRef = 4C37CA58216A97160059018F /* LoginViewController.swift */; };
		4C37CA5B216AB1E00059018F /* ChatViewController.swift in Sources */ = {isa = PBXBuildFile; fileRef = 4C37CA5A216AB1E00059018F /* ChatViewController.swift */; };
		4C37CA5D216B0A4C0059018F /* ChatCell.swift in Sources */ = {isa = PBXBuildFile; fileRef = 4C37CA5C216B0A4C0059018F /* ChatCell.swift */; };
		4C710B8A2166D00A006805DC /* AppDelegate.swift in Sources */ = {isa = PBXBuildFile; fileRef = 4C710B892166D00A006805DC /* AppDelegate.swift */; };
		4C710B8F2166D00A006805DC /* Main.storyboard in Resources */ = {isa = PBXBuildFile; fileRef = 4C710B8D2166D00A006805DC /* Main.storyboard */; };
		4C710B912166D00A006805DC /* Assets.xcassets in Resources */ = {isa = PBXBuildFile; fileRef = 4C710B902166D00A006805DC /* Assets.xcassets */; };
		4C710B942166D00A006805DC /* LaunchScreen.storyboard in Resources */ = {isa = PBXBuildFile; fileRef = 4C710B922166D00A006805DC /* LaunchScreen.storyboard */; };
		DE39074A3B1609C0EF487C64 /* Pods_ParseChatServer.framework in Frameworks */ = {isa = PBXBuildFile; fileRef = C068610F8DAA9A11A2FFB704 /* Pods_ParseChatServer.framework */; };
/* End PBXBuildFile section */

/* Begin PBXFileReference section */
		0F0F38963B8D20BF616A62B8 /* Pods-ParseChatServer.debug.xcconfig */ = {isa = PBXFileReference; includeInIndex = 1; lastKnownFileType = text.xcconfig; name = "Pods-ParseChatServer.debug.xcconfig"; path = "Pods/Target Support Files/Pods-ParseChatServer/Pods-ParseChatServer.debug.xcconfig"; sourceTree = "<group>"; };
		4C37CA58216A97160059018F /* LoginViewController.swift */ = {isa = PBXFileReference; lastKnownFileType = sourcecode.swift; path = LoginViewController.swift; sourceTree = "<group>"; };
		4C37CA5A216AB1E00059018F /* ChatViewController.swift */ = {isa = PBXFileReference; lastKnownFileType = sourcecode.swift; path = ChatViewController.swift; sourceTree = "<group>"; };
		4C37CA5C216B0A4C0059018F /* ChatCell.swift */ = {isa = PBXFileReference; lastKnownFileType = sourcecode.swift; path = ChatCell.swift; sourceTree = "<group>"; };
		4C710B862166D00A006805DC /* ParseChatServer.app */ = {isa = PBXFileReference; explicitFileType = wrapper.application; includeInIndex = 0; path = ParseChatServer.app; sourceTree = BUILT_PRODUCTS_DIR; };
		4C710B892166D00A006805DC /* AppDelegate.swift */ = {isa = PBXFileReference; lastKnownFileType = sourcecode.swift; path = AppDelegate.swift; sourceTree = "<group>"; };
		4C710B8E2166D00A006805DC /* Base */ = {isa = PBXFileReference; lastKnownFileType = file.storyboard; name = Base; path = Base.lproj/Main.storyboard; sourceTree = "<group>"; };
		4C710B902166D00A006805DC /* Assets.xcassets */ = {isa = PBXFileReference; lastKnownFileType = folder.assetcatalog; path = Assets.xcassets; sourceTree = "<group>"; };
		4C710B932166D00A006805DC /* Base */ = {isa = PBXFileReference; lastKnownFileType = file.storyboard; name = Base; path = Base.lproj/LaunchScreen.storyboard; sourceTree = "<group>"; };
		4C710B952166D00A006805DC /* Info.plist */ = {isa = PBXFileReference; lastKnownFileType = text.plist.xml; path = Info.plist; sourceTree = "<group>"; };
		7E2E36C8BEB54C3F116F2EBE /* Pods-ParseChatServer.release.xcconfig */ = {isa = PBXFileReference; includeInIndex = 1; lastKnownFileType = text.xcconfig; name = "Pods-ParseChatServer.release.xcconfig"; path = "Pods/Target Support Files/Pods-ParseChatServer/Pods-ParseChatServer.release.xcconfig"; sourceTree = "<group>"; };
		C068610F8DAA9A11A2FFB704 /* Pods_ParseChatServer.framework */ = {isa = PBXFileReference; explicitFileType = wrapper.framework; includeInIndex = 0; path = Pods_ParseChatServer.framework; sourceTree = BUILT_PRODUCTS_DIR; };
/* End PBXFileReference section */

/* Begin PBXFrameworksBuildPhase section */
		4C710B832166D009006805DC /* Frameworks */ = {
			isa = PBXFrameworksBuildPhase;
			buildActionMask = 2147483647;
			files = (
				DE39074A3B1609C0EF487C64 /* Pods_ParseChatServer.framework in Frameworks */,
			);
			runOnlyForDeploymentPostprocessing = 0;
		};
/* End PBXFrameworksBuildPhase section */

/* Begin PBXGroup section */
		3BC7C06C34763966FFEAC6FD /* Frameworks */ = {
			isa = PBXGroup;
			children = (
				C068610F8DAA9A11A2FFB704 /* Pods_ParseChatServer.framework */,
			);
			name = Frameworks;
			sourceTree = "<group>";
		};
		4C458E932168D27B007BD0C8 /* ViewsControllers */ = {
			isa = PBXGroup;
			children = (
				4C37CA58216A97160059018F /* LoginViewController.swift */,
				4C37CA5A216AB1E00059018F /* ChatViewController.swift */,
				4C37CA5C216B0A4C0059018F /* ChatCell.swift */,
			);
			path = ViewsControllers;
			sourceTree = "<group>";
		};
		4C710B7D2166D009006805DC = {
			isa = PBXGroup;
			children = (
				4C710B882166D00A006805DC /* ParseChatServer */,
				4C710B872166D00A006805DC /* Products */,
				63804A4502F0613B4D6DDDA7 /* Pods */,
				3BC7C06C34763966FFEAC6FD /* Frameworks */,
			);
			sourceTree = "<group>";
		};
		4C710B872166D00A006805DC /* Products */ = {
			isa = PBXGroup;
			children = (
				4C710B862166D00A006805DC /* ParseChatServer.app */,
			);
			name = Products;
			sourceTree = "<group>";
		};
		4C710B882166D00A006805DC /* ParseChatServer */ = {
			isa = PBXGroup;
			children = (
				4C458E932168D27B007BD0C8 /* ViewsControllers */,
				4C710B892166D00A006805DC /* AppDelegate.swift */,
				4C710B8D2166D00A006805DC /* Main.storyboard */,
				4C710B902166D00A006805DC /* Assets.xcassets */,
				4C710B922166D00A006805DC /* LaunchScreen.storyboard */,
				4C710B952166D00A006805DC /* Info.plist */,
			);
			path = ParseChatServer;
			sourceTree = "<group>";
		};
		63804A4502F0613B4D6DDDA7 /* Pods */ = {
			isa = PBXGroup;
			children = (
				0F0F38963B8D20BF616A62B8 /* Pods-ParseChatServer.debug.xcconfig */,
				7E2E36C8BEB54C3F116F2EBE /* Pods-ParseChatServer.release.xcconfig */,
			);
			name = Pods;
			sourceTree = "<group>";
		};
/* End PBXGroup section */

/* Begin PBXNativeTarget section */
		4C710B852166D009006805DC /* ParseChatServer */ = {
			isa = PBXNativeTarget;
			buildConfigurationList = 4C710B982166D00A006805DC /* Build configuration list for PBXNativeTarget "ParseChatServer" */;
			buildPhases = (
				C23124E303AA458BBB26C222 /* [CP] Check Pods Manifest.lock */,
				4C710B822166D009006805DC /* Sources */,
				4C710B832166D009006805DC /* Frameworks */,
				4C710B842166D009006805DC /* Resources */,
				DA623741EAE45276FA510404 /* [CP] Embed Pods Frameworks */,
			);
			buildRules = (
			);
			dependencies = (
			);
			name = ParseChatServer;
			productName = ParseChatServer;
			productReference = 4C710B862166D00A006805DC /* ParseChatServer.app */;
			productType = "com.apple.product-type.application";
		};
/* End PBXNativeTarget section */

/* Begin PBXProject section */
		4C710B7E2166D009006805DC /* Project object */ = {
			isa = PBXProject;
			attributes = {
				LastSwiftUpdateCheck = 0940;
				LastUpgradeCheck = 0940;
				ORGANIZATIONNAME = "Wendy Jean";
				TargetAttributes = {
					4C710B852166D009006805DC = {
						CreatedOnToolsVersion = 9.4.1;
					};
				};
			};
			buildConfigurationList = 4C710B812166D009006805DC /* Build configuration list for PBXProject "ParseChatServer" */;
			compatibilityVersion = "Xcode 9.3";
			developmentRegion = en;
			hasScannedForEncodings = 0;
			knownRegions = (
				en,
				Base,
			);
			mainGroup = 4C710B7D2166D009006805DC;
			productRefGroup = 4C710B872166D00A006805DC /* Products */;
			projectDirPath = "";
			projectRoot = "";
			targets = (
				4C710B852166D009006805DC /* ParseChatServer */,
			);
		};
/* End PBXProject section */

/* Begin PBXResourcesBuildPhase section */
		4C710B842166D009006805DC /* Resources */ = {
			isa = PBXResourcesBuildPhase;
			buildActionMask = 2147483647;
			files = (
				4C710B942166D00A006805DC /* LaunchScreen.storyboard in Resources */,
				4C710B912166D00A006805DC /* Assets.xcassets in Resources */,
				4C710B8F2166D00A006805DC /* Main.storyboard in Resources */,
			);
			runOnlyForDeploymentPostprocessing = 0;
		};
/* End PBXResourcesBuildPhase section */

/* Begin PBXShellScriptBuildPhase section */
		C23124E303AA458BBB26C222 /* [CP] Check Pods Manifest.lock */ = {
			isa = PBXShellScriptBuildPhase;
			buildActionMask = 2147483647;
			files = (
			);
			inputPaths = (
				"${PODS_PODFILE_DIR_PATH}/Podfile.lock",
				"${PODS_ROOT}/Manifest.lock",
			);
			name = "[CP] Check Pods Manifest.lock";
			outputPaths = (
				"$(DERIVED_FILE_DIR)/Pods-ParseChatServer-checkManifestLockResult.txt",
			);
			runOnlyForDeploymentPostprocessing = 0;
			shellPath = /bin/sh;
			shellScript = "diff \"${PODS_PODFILE_DIR_PATH}/Podfile.lock\" \"${PODS_ROOT}/Manifest.lock\" > /dev/null\nif [ $? != 0 ] ; then\n    # print error to STDERR\n    echo \"error: The sandbox is not in sync with the Podfile.lock. Run 'pod install' or update your CocoaPods installation.\" >&2\n    exit 1\nfi\n# This output is used by Xcode 'outputs' to avoid re-running this script phase.\necho \"SUCCESS\" > \"${SCRIPT_OUTPUT_FILE_0}\"\n";
			showEnvVarsInLog = 0;
		};
		DA623741EAE45276FA510404 /* [CP] Embed Pods Frameworks */ = {
			isa = PBXShellScriptBuildPhase;
			buildActionMask = 2147483647;
			files = (
			);
			inputPaths = (
				"${SRCROOT}/Pods/Target Support Files/Pods-ParseChatServer/Pods-ParseChatServer-frameworks.sh",
				"${BUILT_PRODUCTS_DIR}/Bolts/Bolts.framework",
				"${BUILT_PRODUCTS_DIR}/Parse/Parse.framework",
			);
			name = "[CP] Embed Pods Frameworks";
			outputPaths = (
				"${TARGET_BUILD_DIR}/${FRAMEWORKS_FOLDER_PATH}/Bolts.framework",
				"${TARGET_BUILD_DIR}/${FRAMEWORKS_FOLDER_PATH}/Parse.framework",
			);
			runOnlyForDeploymentPostprocessing = 0;
			shellPath = /bin/sh;
			shellScript = "\"${SRCROOT}/Pods/Target Support Files/Pods-ParseChatServer/Pods-ParseChatServer-frameworks.sh\"\n";
			showEnvVarsInLog = 0;
		};
/* End PBXShellScriptBuildPhase section */

/* Begin PBXSourcesBuildPhase section */
		4C710B822166D009006805DC /* Sources */ = {
			isa = PBXSourcesBuildPhase;
			buildActionMask = 2147483647;
			files = (
				4C37CA59216A97160059018F /* LoginViewController.swift in Sources */,
				4C37CA5D216B0A4C0059018F /* ChatCell.swift in Sources */,
				4C37CA5B216AB1E00059018F /* ChatViewController.swift in Sources */,
				4C710B8A2166D00A006805DC /* AppDelegate.swift in Sources */,
			);
			runOnlyForDeploymentPostprocessing = 0;
		};
/* End PBXSourcesBuildPhase section */

/* Begin PBXVariantGroup section */
		4C710B8D2166D00A006805DC /* Main.storyboard */ = {
			isa = PBXVariantGroup;
			children = (
				4C710B8E2166D00A006805DC /* Base */,
			);
			name = Main.storyboard;
			sourceTree = "<group>";
		};
		4C710B922166D00A006805DC /* LaunchScreen.storyboard */ = {
			isa = PBXVariantGroup;
			children = (
				4C710B932166D00A006805DC /* Base */,
			);
			name = LaunchScreen.storyboard;
			sourceTree = "<group>";
		};
/* End PBXVariantGroup section */

/* Begin XCBuildConfiguration section */
		4C710B962166D00A006805DC /* Debug */ = {
			isa = XCBuildConfiguration;
			buildSettings = {
				ALWAYS_SEARCH_USER_PATHS = NO;
				CLANG_ANALYZER_NONNULL = YES;
				CLANG_ANALYZER_NUMBER_OBJECT_CONVERSION = YES_AGGRESSIVE;
				CLANG_CXX_LANGUAGE_STANDARD = "gnu++14";
				CLANG_CXX_LIBRARY = "libc++";
				CLANG_ENABLE_MODULES = YES;
				CLANG_ENABLE_OBJC_ARC = YES;
				CLANG_ENABLE_OBJC_WEAK = YES;
				CLANG_WARN_BLOCK_CAPTURE_AUTORELEASING = YES;
				CLANG_WARN_BOOL_CONVERSION = YES;
				CLANG_WARN_COMMA = YES;
				CLANG_WARN_CONSTANT_CONVERSION = YES;
				CLANG_WARN_DEPRECATED_OBJC_IMPLEMENTATIONS = YES;
				CLANG_WARN_DIRECT_OBJC_ISA_USAGE = YES_ERROR;
				CLANG_WARN_DOCUMENTATION_COMMENTS = YES;
				CLANG_WARN_EMPTY_BODY = YES;
				CLANG_WARN_ENUM_CONVERSION = YES;
				CLANG_WARN_INFINITE_RECURSION = YES;
				CLANG_WARN_INT_CONVERSION = YES;
				CLANG_WARN_NON_LITERAL_NULL_CONVERSION = YES;
				CLANG_WARN_OBJC_IMPLICIT_RETAIN_SELF = YES;
				CLANG_WARN_OBJC_LITERAL_CONVERSION = YES;
				CLANG_WARN_OBJC_ROOT_CLASS = YES_ERROR;
				CLANG_WARN_RANGE_LOOP_ANALYSIS = YES;
				CLANG_WARN_STRICT_PROTOTYPES = YES;
				CLANG_WARN_SUSPICIOUS_MOVE = YES;
				CLANG_WARN_UNGUARDED_AVAILABILITY = YES_AGGRESSIVE;
				CLANG_WARN_UNREACHABLE_CODE = YES;
				CLANG_WARN__DUPLICATE_METHOD_MATCH = YES;
				CODE_SIGN_IDENTITY = "iPhone Developer";
				COPY_PHASE_STRIP = NO;
				DEBUG_INFORMATION_FORMAT = dwarf;
				ENABLE_STRICT_OBJC_MSGSEND = YES;
				ENABLE_TESTABILITY = YES;
				GCC_C_LANGUAGE_STANDARD = gnu11;
				GCC_DYNAMIC_NO_PIC = NO;
				GCC_NO_COMMON_BLOCKS = YES;
				GCC_OPTIMIZATION_LEVEL = 0;
				GCC_PREPROCESSOR_DEFINITIONS = (
					"DEBUG=1",
					"$(inherited)",
				);
				GCC_WARN_64_TO_32_BIT_CONVERSION = YES;
				GCC_WARN_ABOUT_RETURN_TYPE = YES_ERROR;
				GCC_WARN_UNDECLARED_SELECTOR = YES;
				GCC_WARN_UNINITIALIZED_AUTOS = YES_AGGRESSIVE;
				GCC_WARN_UNUSED_FUNCTION = YES;
				GCC_WARN_UNUSED_VARIABLE = YES;
				IPHONEOS_DEPLOYMENT_TARGET = 11.4;
				MTL_ENABLE_DEBUG_INFO = YES;
				ONLY_ACTIVE_ARCH = YES;
				SDKROOT = iphoneos;
				SWIFT_ACTIVE_COMPILATION_CONDITIONS = DEBUG;
				SWIFT_OPTIMIZATION_LEVEL = "-Onone";
			};
			name = Debug;
		};
		4C710B972166D00A006805DC /* Release */ = {
			isa = XCBuildConfiguration;
			buildSettings = {
				ALWAYS_SEARCH_USER_PATHS = NO;
				CLANG_ANALYZER_NONNULL = YES;
				CLANG_ANALYZER_NUMBER_OBJECT_CONVERSION = YES_AGGRESSIVE;
				CLANG_CXX_LANGUAGE_STANDARD = "gnu++14";
				CLANG_CXX_LIBRARY = "libc++";
				CLANG_ENABLE_MODULES = YES;
				CLANG_ENABLE_OBJC_ARC = YES;
				CLANG_ENABLE_OBJC_WEAK = YES;
				CLANG_WARN_BLOCK_CAPTURE_AUTORELEASING = YES;
				CLANG_WARN_BOOL_CONVERSION = YES;
				CLANG_WARN_COMMA = YES;
				CLANG_WARN_CONSTANT_CONVERSION = YES;
				CLANG_WARN_DEPRECATED_OBJC_IMPLEMENTATIONS = YES;
				CLANG_WARN_DIRECT_OBJC_ISA_USAGE = YES_ERROR;
				CLANG_WARN_DOCUMENTATION_COMMENTS = YES;
				CLANG_WARN_EMPTY_BODY = YES;
				CLANG_WARN_ENUM_CONVERSION = YES;
				CLANG_WARN_INFINITE_RECURSION = YES;
				CLANG_WARN_INT_CONVERSION = YES;
				CLANG_WARN_NON_LITERAL_NULL_CONVERSION = YES;
				CLANG_WARN_OBJC_IMPLICIT_RETAIN_SELF = YES;
				CLANG_WARN_OBJC_LITERAL_CONVERSION = YES;
				CLANG_WARN_OBJC_ROOT_CLASS = YES_ERROR;
				CLANG_WARN_RANGE_LOOP_ANALYSIS = YES;
				CLANG_WARN_STRICT_PROTOTYPES = YES;
				CLANG_WARN_SUSPICIOUS_MOVE = YES;
				CLANG_WARN_UNGUARDED_AVAILABILITY = YES_AGGRESSIVE;
				CLANG_WARN_UNREACHABLE_CODE = YES;
				CLANG_WARN__DUPLICATE_METHOD_MATCH = YES;
				CODE_SIGN_IDENTITY = "iPhone Developer";
				COPY_PHASE_STRIP = NO;
				DEBUG_INFORMATION_FORMAT = "dwarf-with-dsym";
				ENABLE_NS_ASSERTIONS = NO;
				ENABLE_STRICT_OBJC_MSGSEND = YES;
				GCC_C_LANGUAGE_STANDARD = gnu11;
				GCC_NO_COMMON_BLOCKS = YES;
				GCC_WARN_64_TO_32_BIT_CONVERSION = YES;
				GCC_WARN_ABOUT_RETURN_TYPE = YES_ERROR;
				GCC_WARN_UNDECLARED_SELECTOR = YES;
				GCC_WARN_UNINITIALIZED_AUTOS = YES_AGGRESSIVE;
				GCC_WARN_UNUSED_FUNCTION = YES;
				GCC_WARN_UNUSED_VARIABLE = YES;
				IPHONEOS_DEPLOYMENT_TARGET = 11.4;
				MTL_ENABLE_DEBUG_INFO = NO;
				SDKROOT = iphoneos;
				SWIFT_COMPILATION_MODE = wholemodule;
				SWIFT_OPTIMIZATION_LEVEL = "-O";
				VALIDATE_PRODUCT = YES;
			};
			name = Release;
		};
		4C710B992166D00A006805DC /* Debug */ = {
			isa = XCBuildConfiguration;
			baseConfigurationReference = 0F0F38963B8D20BF616A62B8 /* Pods-ParseChatServer.debug.xcconfig */;
			buildSettings = {
				ASSETCATALOG_COMPILER_APPICON_NAME = AppIcon;
				CODE_SIGN_STYLE = Automatic;
				INFOPLIST_FILE = ParseChatServer/Info.plist;
				LD_RUNPATH_SEARCH_PATHS = (
					"$(inherited)",
					"@executable_path/Frameworks",
				);
				PRODUCT_BUNDLE_IDENTIFIER = Ayibopost.ParseChatServer;
				PRODUCT_NAME = "$(TARGET_NAME)";
				SWIFT_VERSION = 4.0;
				TARGETED_DEVICE_FAMILY = "1,2";
			};
			name = Debug;
		};
		4C710B9A2166D00A006805DC /* Release */ = {
			isa = XCBuildConfiguration;
			baseConfigurationReference = 7E2E36C8BEB54C3F116F2EBE /* Pods-ParseChatServer.release.xcconfig */;
			buildSettings = {
				ASSETCATALOG_COMPILER_APPICON_NAME = AppIcon;
				CODE_SIGN_STYLE = Automatic;
				INFOPLIST_FILE = ParseChatServer/Info.plist;
				LD_RUNPATH_SEARCH_PATHS = (
					"$(inherited)",
					"@executable_path/Frameworks",
				);
				PRODUCT_BUNDLE_IDENTIFIER = Ayibopost.ParseChatServer;
				PRODUCT_NAME = "$(TARGET_NAME)";
				SWIFT_VERSION = 4.0;
				TARGETED_DEVICE_FAMILY = "1,2";
			};
			name = Release;
		};
/* End XCBuildConfiguration section */

/* Begin XCConfigurationList section */
		4C710B812166D009006805DC /* Build configuration list for PBXProject "ParseChatServer" */ = {
			isa = XCConfigurationList;
			buildConfigurations = (
				4C710B962166D00A006805DC /* Debug */,
				4C710B972166D00A006805DC /* Release */,
			);
			defaultConfigurationIsVisible = 0;
			defaultConfigurationName = Release;
		};
		4C710B982166D00A006805DC /* Build configuration list for PBXNativeTarget "ParseChatServer" */ = {
			isa = XCConfigurationList;
			buildConfigurations = (
				4C710B992166D00A006805DC /* Debug */,
				4C710B9A2166D00A006805DC /* Release */,
			);
			defaultConfigurationIsVisible = 0;
			defaultConfigurationName = Release;
		};
/* End XCConfigurationList section */
	};
	rootObject = 4C710B7E2166D009006805DC /* Project object */;
}
